
Microsoft Visual Studio Solution File, Format Version 12.00
# Visual Studio Version 16
VisualStudioVersion = 25.0.1705.4
MinimumVisualStudioVersion = 10.0.40219.1
Project("{FAE04EC0-301F-11D3-BF4B-00C04F79EFBC}") = "pis", "pis.csproj", "{BFD21E55-72EC-49A8-AA92-135392EDB34A}"
EndProject
Global
	GlobalSection(SolutionConfigurationPlatforms) = preSolution
		Debug|Any CPU = Debug|Any CPU
		Release|Any CPU = Release|Any CPU
	EndGlobalSection
	GlobalSection(ProjectConfigurationPlatforms) = postSolution
		{BFD21E55-72EC-49A8-AA92-135392EDB34A}.Debug|Any CPU.ActiveCfg = Debug|Any CPU
		{BFD21E55-72EC-49A8-AA92-135392EDB34A}.Debug|Any CPU.Build.0 = Debug|Any CPU
		{BFD21E55-72EC-49A8-AA92-135392EDB34A}.Release|Any CPU.ActiveCfg = Release|Any CPU
		{BFD21E55-72EC-49A8-AA92-135392EDB34A}.Release|Any CPU.Build.0 = Release|Any CPU
	EndGlobalSection
	GlobalSection(SolutionProperties) = preSolution
		HideSolutionNode = FALSE
	EndGlobalSection
	GlobalSection(ExtensibilityGlobals) = postSolution
		SolutionGuid = {A1D3EE3C-D972-4A94-A2A3-A6436E7F117F}
	EndGlobalSection
EndGlobal
